// !$*UTF8*$!
{
	archiveVersion = 1;
	classes = {
	};
	objectVersion = 50;
	objects = {

/* Begin PBXBuildFile section */
		8757B1B322DD1E9300AED424 /* ViewController+UI.swift in Sources */ = {isa = PBXBuildFile; fileRef = 8757B1B222DD1E9300AED424 /* ViewController+UI.swift */; };
		8757B1B522DD220E00AED424 /* SignUpViewController.swift in Sources */ = {isa = PBXBuildFile; fileRef = 8757B1B422DD220E00AED424 /* SignUpViewController.swift */; };
		878AAC0022DCF722004F9BC0 /* AppDelegate.swift in Sources */ = {isa = PBXBuildFile; fileRef = 878AABFF22DCF722004F9BC0 /* AppDelegate.swift */; };
		878AAC0222DCF722004F9BC0 /* ViewController.swift in Sources */ = {isa = PBXBuildFile; fileRef = 878AAC0122DCF722004F9BC0 /* ViewController.swift */; };
		878AAC0722DCF724004F9BC0 /* Assets.xcassets in Resources */ = {isa = PBXBuildFile; fileRef = 878AAC0622DCF724004F9BC0 /* Assets.xcassets */; };
		878AAC0A22DCF724004F9BC0 /* LaunchScreen.storyboard in Resources */ = {isa = PBXBuildFile; fileRef = 878AAC0822DCF724004F9BC0 /* LaunchScreen.storyboard */; };
		878AAC1222DCF81B004F9BC0 /* Welcome.storyboard in Resources */ = {isa = PBXBuildFile; fileRef = 878AAC1122DCF81B004F9BC0 /* Welcome.storyboard */; };
		87ECD7EA22DE484A005B7329 /* SingUpViewController+UI.swift in Sources */ = {isa = PBXBuildFile; fileRef = 87ECD7E922DE484A005B7329 /* SingUpViewController+UI.swift */; };
		87ECD7EC22DE538A005B7329 /* SignInViewController.swift in Sources */ = {isa = PBXBuildFile; fileRef = 87ECD7EB22DE538A005B7329 /* SignInViewController.swift */; };
		87ECD7EE22DE54C9005B7329 /* SignInViewController+UI.swift in Sources */ = {isa = PBXBuildFile; fileRef = 87ECD7ED22DE54C9005B7329 /* SignInViewController+UI.swift */; };
		87ECD7F022DE5952005B7329 /* ForgotPasswordViewController.swift in Sources */ = {isa = PBXBuildFile; fileRef = 87ECD7EF22DE5952005B7329 /* ForgotPasswordViewController.swift */; };
		87ECD7F222DE5973005B7329 /* ForgotPasswordViewController+UI.swift in Sources */ = {isa = PBXBuildFile; fileRef = 87ECD7F122DE5973005B7329 /* ForgotPasswordViewController+UI.swift */; };
/* End PBXBuildFile section */

/* Begin PBXFileReference section */
		8757B1B222DD1E9300AED424 /* ViewController+UI.swift */ = {isa = PBXFileReference; lastKnownFileType = sourcecode.swift; path = "ViewController+UI.swift"; sourceTree = "<group>"; };
		8757B1B422DD220E00AED424 /* SignUpViewController.swift */ = {isa = PBXFileReference; lastKnownFileType = sourcecode.swift; path = SignUpViewController.swift; sourceTree = "<group>"; };
		878AABFC22DCF722004F9BC0 /* MChat.app */ = {isa = PBXFileReference; explicitFileType = wrapper.application; includeInIndex = 0; path = MChat.app; sourceTree = BUILT_PRODUCTS_DIR; };
		878AABFF22DCF722004F9BC0 /* AppDelegate.swift */ = {isa = PBXFileReference; lastKnownFileType = sourcecode.swift; path = AppDelegate.swift; sourceTree = "<group>"; };
		878AAC0122DCF722004F9BC0 /* ViewController.swift */ = {isa = PBXFileReference; lastKnownFileType = sourcecode.swift; path = ViewController.swift; sourceTree = "<group>"; };
		878AAC0622DCF724004F9BC0 /* Assets.xcassets */ = {isa = PBXFileReference; lastKnownFileType = folder.assetcatalog; path = Assets.xcassets; sourceTree = "<group>"; };
		878AAC0922DCF724004F9BC0 /* Base */ = {isa = PBXFileReference; lastKnownFileType = file.storyboard; name = Base; path = Base.lproj/LaunchScreen.storyboard; sourceTree = "<group>"; };
		878AAC0B22DCF724004F9BC0 /* Info.plist */ = {isa = PBXFileReference; lastKnownFileType = text.plist.xml; path = Info.plist; sourceTree = "<group>"; };
		878AAC1122DCF81B004F9BC0 /* Welcome.storyboard */ = {isa = PBXFileReference; lastKnownFileType = file.storyboard; path = Welcome.storyboard; sourceTree = "<group>"; };
		87ECD7E922DE484A005B7329 /* SingUpViewController+UI.swift */ = {isa = PBXFileReference; lastKnownFileType = sourcecode.swift; path = "SingUpViewController+UI.swift"; sourceTree = "<group>"; };
		87ECD7EB22DE538A005B7329 /* SignInViewController.swift */ = {isa = PBXFileReference; lastKnownFileType = sourcecode.swift; path = SignInViewController.swift; sourceTree = "<group>"; };
		87ECD7ED22DE54C9005B7329 /* SignInViewController+UI.swift */ = {isa = PBXFileReference; lastKnownFileType = sourcecode.swift; path = "SignInViewController+UI.swift"; sourceTree = "<group>"; };
		87ECD7EF22DE5952005B7329 /* ForgotPasswordViewController.swift */ = {isa = PBXFileReference; lastKnownFileType = sourcecode.swift; path = ForgotPasswordViewController.swift; sourceTree = "<group>"; };
		87ECD7F122DE5973005B7329 /* ForgotPasswordViewController+UI.swift */ = {isa = PBXFileReference; lastKnownFileType = sourcecode.swift; path = "ForgotPasswordViewController+UI.swift"; sourceTree = "<group>"; };
/* End PBXFileReference section */

/* Begin PBXFrameworksBuildPhase section */
		878AABF922DCF722004F9BC0 /* Frameworks */ = {
			isa = PBXFrameworksBuildPhase;
			buildActionMask = 2147483647;
			files = (
			);
			runOnlyForDeploymentPostprocessing = 0;
		};
/* End PBXFrameworksBuildPhase section */

/* Begin PBXGroup section */
		878AABF322DCF722004F9BC0 = {
			isa = PBXGroup;
			children = (
				878AABFE22DCF722004F9BC0 /* MChat */,
				878AABFD22DCF722004F9BC0 /* Products */,
			);
			sourceTree = "<group>";
		};
		878AABFD22DCF722004F9BC0 /* Products */ = {
			isa = PBXGroup;
			children = (
				878AABFC22DCF722004F9BC0 /* MChat.app */,
			);
			name = Products;
			sourceTree = "<group>";
		};
		878AABFE22DCF722004F9BC0 /* MChat */ = {
			isa = PBXGroup;
			children = (
				878AABFF22DCF722004F9BC0 /* AppDelegate.swift */,
				878AAC0122DCF722004F9BC0 /* ViewController.swift */,
				8757B1B222DD1E9300AED424 /* ViewController+UI.swift */,
				8757B1B422DD220E00AED424 /* SignUpViewController.swift */,
				87ECD7E922DE484A005B7329 /* SingUpViewController+UI.swift */,
				87ECD7EB22DE538A005B7329 /* SignInViewController.swift */,
				87ECD7ED22DE54C9005B7329 /* SignInViewController+UI.swift */,
				87ECD7EF22DE5952005B7329 /* ForgotPasswordViewController.swift */,
				87ECD7F122DE5973005B7329 /* ForgotPasswordViewController+UI.swift */,
				878AAC1122DCF81B004F9BC0 /* Welcome.storyboard */,
				878AAC0622DCF724004F9BC0 /* Assets.xcassets */,
				878AAC0822DCF724004F9BC0 /* LaunchScreen.storyboard */,
				878AAC0B22DCF724004F9BC0 /* Info.plist */,
			);
			path = MChat;
			sourceTree = "<group>";
		};
/* End PBXGroup section */

/* Begin PBXNativeTarget section */
		878AABFB22DCF722004F9BC0 /* MChat */ = {
			isa = PBXNativeTarget;
			buildConfigurationList = 878AAC0E22DCF724004F9BC0 /* Build configuration list for PBXNativeTarget "MChat" */;
			buildPhases = (
				878AABF822DCF722004F9BC0 /* Sources */,
				878AABF922DCF722004F9BC0 /* Frameworks */,
				878AABFA22DCF722004F9BC0 /* Resources */,
			);
			buildRules = (
			);
			dependencies = (
			);
			name = MChat;
			productName = MChat;
			productReference = 878AABFC22DCF722004F9BC0 /* MChat.app */;
			productType = "com.apple.product-type.application";
		};
/* End PBXNativeTarget section */

/* Begin PBXProject section */
		878AABF422DCF722004F9BC0 /* Project object */ = {
			isa = PBXProject;
			attributes = {
				LastSwiftUpdateCheck = 1020;
				LastUpgradeCheck = 1020;
				ORGANIZATIONNAME = "Mikhail Kolotilin";
				TargetAttributes = {
					878AABFB22DCF722004F9BC0 = {
						CreatedOnToolsVersion = 10.2.1;
					};
				};
			};
			buildConfigurationList = 878AABF722DCF722004F9BC0 /* Build configuration list for PBXProject "MChat" */;
			compatibilityVersion = "Xcode 9.3";
			developmentRegion = en;
			hasScannedForEncodings = 0;
			knownRegions = (
				en,
				Base,
			);
			mainGroup = 878AABF322DCF722004F9BC0;
			productRefGroup = 878AABFD22DCF722004F9BC0 /* Products */;
			projectDirPath = "";
			projectRoot = "";
			targets = (
				878AABFB22DCF722004F9BC0 /* MChat */,
			);
		};
/* End PBXProject section */

/* Begin PBXResourcesBuildPhase section */
		878AABFA22DCF722004F9BC0 /* Resources */ = {
			isa = PBXResourcesBuildPhase;
			buildActionMask = 2147483647;
			files = (
				878AAC0A22DCF724004F9BC0 /* LaunchScreen.storyboard in Resources */,
				878AAC1222DCF81B004F9BC0 /* Welcome.storyboard in Resources */,
				878AAC0722DCF724004F9BC0 /* Assets.xcassets in Resources */,
			);
			runOnlyForDeploymentPostprocessing = 0;
		};
/* End PBXResourcesBuildPhase section */

/* Begin PBXSourcesBuildPhase section */
		878AABF822DCF722004F9BC0 /* Sources */ = {
			isa = PBXSourcesBuildPhase;
			buildActionMask = 2147483647;
			files = (
				87ECD7F022DE5952005B7329 /* ForgotPasswordViewController.swift in Sources */,
				8757B1B322DD1E9300AED424 /* ViewController+UI.swift in Sources */,
				87ECD7EE22DE54C9005B7329 /* SignInViewController+UI.swift in Sources */,
				878AAC0222DCF722004F9BC0 /* ViewController.swift in Sources */,
				87ECD7F222DE5973005B7329 /* ForgotPasswordViewController+UI.swift in Sources */,
				87ECD7EC22DE538A005B7329 /* SignInViewController.swift in Sources */,
				8757B1B522DD220E00AED424 /* SignUpViewController.swift in Sources */,
				878AAC0022DCF722004F9BC0 /* AppDelegate.swift in Sources */,
				87ECD7EA22DE484A005B7329 /* SingUpViewController+UI.swift in Sources */,
			);
			runOnlyForDeploymentPostprocessing = 0;
		};
/* End PBXSourcesBuildPhase section */

/* Begin PBXVariantGroup section */
		878AAC0822DCF724004F9BC0 /* LaunchScreen.storyboard */ = {
			isa = PBXVariantGroup;
			children = (
				878AAC0922DCF724004F9BC0 /* Base */,
			);
			name = LaunchScreen.storyboard;
			sourceTree = "<group>";
		};
/* End PBXVariantGroup section */

/* Begin XCBuildConfiguration section */
		878AAC0C22DCF724004F9BC0 /* Debug */ = {
			isa = XCBuildConfiguration;
			buildSettings = {
				ALWAYS_SEARCH_USER_PATHS = NO;
				CLANG_ANALYZER_NONNULL = YES;
				CLANG_ANALYZER_NUMBER_OBJECT_CONVERSION = YES_AGGRESSIVE;
				CLANG_CXX_LANGUAGE_STANDARD = "gnu++14";
				CLANG_CXX_LIBRARY = "libc++";
				CLANG_ENABLE_MODULES = YES;
				CLANG_ENABLE_OBJC_ARC = YES;
				CLANG_ENABLE_OBJC_WEAK = YES;
				CLANG_WARN_BLOCK_CAPTURE_AUTORELEASING = YES;
				CLANG_WARN_BOOL_CONVERSION = YES;
				CLANG_WARN_COMMA = YES;
				CLANG_WARN_CONSTANT_CONVERSION = YES;
				CLANG_WARN_DEPRECATED_OBJC_IMPLEMENTATIONS = YES;
				CLANG_WARN_DIRECT_OBJC_ISA_USAGE = YES_ERROR;
				CLANG_WARN_DOCUMENTATION_COMMENTS = YES;
				CLANG_WARN_EMPTY_BODY = YES;
				CLANG_WARN_ENUM_CONVERSION = YES;
				CLANG_WARN_INFINITE_RECURSION = YES;
				CLANG_WARN_INT_CONVERSION = YES;
				CLANG_WARN_NON_LITERAL_NULL_CONVERSION = YES;
				CLANG_WARN_OBJC_IMPLICIT_RETAIN_SELF = YES;
				CLANG_WARN_OBJC_LITERAL_CONVERSION = YES;
				CLANG_WARN_OBJC_ROOT_CLASS = YES_ERROR;
				CLANG_WARN_RANGE_LOOP_ANALYSIS = YES;
				CLANG_WARN_STRICT_PROTOTYPES = YES;
				CLANG_WARN_SUSPICIOUS_MOVE = YES;
				CLANG_WARN_UNGUARDED_AVAILABILITY = YES_AGGRESSIVE;
				CLANG_WARN_UNREACHABLE_CODE = YES;
				CLANG_WARN__DUPLICATE_METHOD_MATCH = YES;
				CODE_SIGN_IDENTITY = "iPhone Developer";
				COPY_PHASE_STRIP = NO;
				DEBUG_INFORMATION_FORMAT = dwarf;
				ENABLE_STRICT_OBJC_MSGSEND = YES;
				ENABLE_TESTABILITY = YES;
				GCC_C_LANGUAGE_STANDARD = gnu11;
				GCC_DYNAMIC_NO_PIC = NO;
				GCC_NO_COMMON_BLOCKS = YES;
				GCC_OPTIMIZATION_LEVEL = 0;
				GCC_PREPROCESSOR_DEFINITIONS = (
					"DEBUG=1",
					"$(inherited)",
				);
				GCC_WARN_64_TO_32_BIT_CONVERSION = YES;
				GCC_WARN_ABOUT_RETURN_TYPE = YES_ERROR;
				GCC_WARN_UNDECLARED_SELECTOR = YES;
				GCC_WARN_UNINITIALIZED_AUTOS = YES_AGGRESSIVE;
				GCC_WARN_UNUSED_FUNCTION = YES;
				GCC_WARN_UNUSED_VARIABLE = YES;
				IPHONEOS_DEPLOYMENT_TARGET = 12.2;
				MTL_ENABLE_DEBUG_INFO = INCLUDE_SOURCE;
				MTL_FAST_MATH = YES;
				ONLY_ACTIVE_ARCH = YES;
				SDKROOT = iphoneos;
				SWIFT_ACTIVE_COMPILATION_CONDITIONS = DEBUG;
				SWIFT_OPTIMIZATION_LEVEL = "-Onone";
			};
			name = Debug;
		};
		878AAC0D22DCF724004F9BC0 /* Release */ = {
			isa = XCBuildConfiguration;
			buildSettings = {
				ALWAYS_SEARCH_USER_PATHS = NO;
				CLANG_ANALYZER_NONNULL = YES;
				CLANG_ANALYZER_NUMBER_OBJECT_CONVERSION = YES_AGGRESSIVE;
				CLANG_CXX_LANGUAGE_STANDARD = "gnu++14";
				CLANG_CXX_LIBRARY = "libc++";
				CLANG_ENABLE_MODULES = YES;
				CLANG_ENABLE_OBJC_ARC = YES;
				CLANG_ENABLE_OBJC_WEAK = YES;
				CLANG_WARN_BLOCK_CAPTURE_AUTORELEASING = YES;
				CLANG_WARN_BOOL_CONVERSION = YES;
				CLANG_WARN_COMMA = YES;
				CLANG_WARN_CONSTANT_CONVERSION = YES;
				CLANG_WARN_DEPRECATED_OBJC_IMPLEMENTATIONS = YES;
				CLANG_WARN_DIRECT_OBJC_ISA_USAGE = YES_ERROR;
				CLANG_WARN_DOCUMENTATION_COMMENTS = YES;
				CLANG_WARN_EMPTY_BODY = YES;
				CLANG_WARN_ENUM_CONVERSION = YES;
				CLANG_WARN_INFINITE_RECURSION = YES;
				CLANG_WARN_INT_CONVERSION = YES;
				CLANG_WARN_NON_LITERAL_NULL_CONVERSION = YES;
				CLANG_WARN_OBJC_IMPLICIT_RETAIN_SELF = YES;
				CLANG_WARN_OBJC_LITERAL_CONVERSION = YES;
				CLANG_WARN_OBJC_ROOT_CLASS = YES_ERROR;
				CLANG_WARN_RANGE_LOOP_ANALYSIS = YES;
				CLANG_WARN_STRICT_PROTOTYPES = YES;
				CLANG_WARN_SUSPICIOUS_MOVE = YES;
				CLANG_WARN_UNGUARDED_AVAILABILITY = YES_AGGRESSIVE;
				CLANG_WARN_UNREACHABLE_CODE = YES;
				CLANG_WARN__DUPLICATE_METHOD_MATCH = YES;
				CODE_SIGN_IDENTITY = "iPhone Developer";
				COPY_PHASE_STRIP = NO;
				DEBUG_INFORMATION_FORMAT = "dwarf-with-dsym";
				ENABLE_NS_ASSERTIONS = NO;
				ENABLE_STRICT_OBJC_MSGSEND = YES;
				GCC_C_LANGUAGE_STANDARD = gnu11;
				GCC_NO_COMMON_BLOCKS = YES;
				GCC_WARN_64_TO_32_BIT_CONVERSION = YES;
				GCC_WARN_ABOUT_RETURN_TYPE = YES_ERROR;
				GCC_WARN_UNDECLARED_SELECTOR = YES;
				GCC_WARN_UNINITIALIZED_AUTOS = YES_AGGRESSIVE;
				GCC_WARN_UNUSED_FUNCTION = YES;
				GCC_WARN_UNUSED_VARIABLE = YES;
				IPHONEOS_DEPLOYMENT_TARGET = 12.2;
				MTL_ENABLE_DEBUG_INFO = NO;
				MTL_FAST_MATH = YES;
				SDKROOT = iphoneos;
				SWIFT_COMPILATION_MODE = wholemodule;
				SWIFT_OPTIMIZATION_LEVEL = "-O";
				VALIDATE_PRODUCT = YES;
			};
			name = Release;
		};
		878AAC0F22DCF724004F9BC0 /* Debug */ = {
			isa = XCBuildConfiguration;
			buildSettings = {
				ASSETCATALOG_COMPILER_APPICON_NAME = AppIcon;
				CODE_SIGN_STYLE = Automatic;
				DEVELOPMENT_TEAM = T47UR4K92P;
				INFOPLIST_FILE = MChat/Info.plist;
				LD_RUNPATH_SEARCH_PATHS = (
					"$(inherited)",
					"@executable_path/Frameworks",
				);
				PRODUCT_BUNDLE_IDENTIFIER = kolotilinma.MChat;
				PRODUCT_NAME = "$(TARGET_NAME)";
				SWIFT_VERSION = 5.0;
				TARGETED_DEVICE_FAMILY = "1,2";
			};
			name = Debug;
		};
		878AAC1022DCF724004F9BC0 /* Release */ = {
			isa = XCBuildConfiguration;
			buildSettings = {
				ASSETCATALOG_COMPILER_APPICON_NAME = AppIcon;
				CODE_SIGN_STYLE = Automatic;
				DEVELOPMENT_TEAM = T47UR4K92P;
				INFOPLIST_FILE = MChat/Info.plist;
				LD_RUNPATH_SEARCH_PATHS = (
					"$(inherited)",
					"@executable_path/Frameworks",
				);
				PRODUCT_BUNDLE_IDENTIFIER = kolotilinma.MChat;
				PRODUCT_NAME = "$(TARGET_NAME)";
				SWIFT_VERSION = 5.0;
				TARGETED_DEVICE_FAMILY = "1,2";
			};
			name = Release;
		};
/* End XCBuildConfiguration section */

/* Begin XCConfigurationList section */
		878AABF722DCF722004F9BC0 /* Build configuration list for PBXProject "MChat" */ = {
			isa = XCConfigurationList;
			buildConfigurations = (
				878AAC0C22DCF724004F9BC0 /* Debug */,
				878AAC0D22DCF724004F9BC0 /* Release */,
			);
			defaultConfigurationIsVisible = 0;
			defaultConfigurationName = Release;
		};
		878AAC0E22DCF724004F9BC0 /* Build configuration list for PBXNativeTarget "MChat" */ = {
			isa = XCConfigurationList;
			buildConfigurations = (
				878AAC0F22DCF724004F9BC0 /* Debug */,
				878AAC1022DCF724004F9BC0 /* Release */,
			);
			defaultConfigurationIsVisible = 0;
			defaultConfigurationName = Release;
		};
/* End XCConfigurationList section */
	};
	rootObject = 878AABF422DCF722004F9BC0 /* Project object */;
}
